
Microsoft Visual Studio Solution File, Format Version 12.00
# Visual Studio Version 17
VisualStudioVersion = 17.9.34723.18
MinimumVisualStudioVersion = 10.0.40219.1
Project("{8BC9CEB8-8B4A-11D0-8D11-00A0C91BC942}") = "Task 1", "Task 1\Task 1.vcxproj", "{C2504115-E39D-4E33-BA3A-95D2540FA7C0}"
EndProject
Project("{8BC9CEB8-8B4A-11D0-8D11-00A0C91BC942}") = "Task 2", "Task 2\Task 2.vcxproj", "{A256C27C-21DF-45AA-A2C9-8E5F87BDC57B}"
EndProject
Project("{8BC9CEB8-8B4A-11D0-8D11-00A0C91BC942}") = "Task 3", "Task 3\Task 3.vcxproj", "{9B0282E1-B216-4857-B5A5-C61224D8730A}"
EndProject
Project("{8BC9CEB8-8B4A-11D0-8D11-00A0C91BC942}") = "Task 4", "Task 4\Task 4.vcxproj", "{42C36320-6A85-48AA-993C-C7CE180D03EB}"
EndProject
Project("{8BC9CEB8-8B4A-11D0-8D11-00A0C91BC942}") = "Task 5", "Task 5\Task 5.vcxproj", "{CCAA0418-BAA5-4746-8F29-C84596D25B84}"
EndProject
Project("{8BC9CEB8-8B4A-11D0-8D11-00A0C91BC942}") = "Task 6", "Task 6\Task 6.vcxproj", "{9DC76629-23E9-4665-BB27-D1729E05F832}"
EndProject
Project("{8BC9CEB8-8B4A-11D0-8D11-00A0C91BC942}") = "Task 7", "Task 7\Task 7.vcxproj", "{A6FF4FF6-62EA-4E01-BF85-CB4D599908ED}"
EndProject
Project("{8BC9CEB8-8B4A-11D0-8D11-00A0C91BC942}") = "Task 8", "Task 8\Task 8.vcxproj", "{21F84FCC-D3C7-40D7-B8D2-A8DC21134F9C}"
EndProject
Project("{8BC9CEB8-8B4A-11D0-8D11-00A0C91BC942}") = "Task 9", "Task 9\Task 9.vcxproj", "{F7D51533-D037-468B-9430-9B4D880E9208}"
EndProject
Project("{8BC9CEB8-8B4A-11D0-8D11-00A0C91BC942}") = "Task 10", "Task 10\Task 10.vcxproj", "{1EBC712F-25A3-4897-BFD3-AA4514F0FACA}"
EndProject
Project("{8BC9CEB8-8B4A-11D0-8D11-00A0C91BC942}") = "Task 11", "Task 11\Task 11.vcxproj", "{0D7F7E44-938E-4A37-B3A2-F0532396DA8E}"
EndProject
Project("{8BC9CEB8-8B4A-11D0-8D11-00A0C91BC942}") = "Task 12", "Task 12\Task 12.vcxproj", "{AE892CB5-C0F2-490C-B9DB-CB7477FBDCE4}"
EndProject
Project("{8BC9CEB8-8B4A-11D0-8D11-00A0C91BC942}") = "Task 13", "Task 13\Task 13.vcxproj", "{2D6C80C5-DF97-4370-BC88-96062148A03A}"
EndProject
Project("{8BC9CEB8-8B4A-11D0-8D11-00A0C91BC942}") = "Task 14", "Task 14\Task 14.vcxproj", "{91BC43AB-F29A-4D57-BCA4-EDD94653EF56}"
EndProject
Project("{8BC9CEB8-8B4A-11D0-8D11-00A0C91BC942}") = "Task 15", "Task 15\Task 15.vcxproj", "{9942CC2A-4A7C-4B27-B460-9CF0EF073A77}"
EndProject
Global
	GlobalSection(SolutionConfigurationPlatforms) = preSolution
		Debug|x64 = Debug|x64
		Debug|x86 = Debug|x86
		Release|x64 = Release|x64
		Release|x86 = Release|x86
	EndGlobalSection
	GlobalSection(ProjectConfigurationPlatforms) = postSolution
		{C2504115-E39D-4E33-BA3A-95D2540FA7C0}.Debug|x64.ActiveCfg = Debug|x64
		{C2504115-E39D-4E33-BA3A-95D2540FA7C0}.Debug|x64.Build.0 = Debug|x64
		{C2504115-E39D-4E33-BA3A-95D2540FA7C0}.Debug|x86.ActiveCfg = Debug|Win32
		{C2504115-E39D-4E33-BA3A-95D2540FA7C0}.Debug|x86.Build.0 = Debug|Win32
		{C2504115-E39D-4E33-BA3A-95D2540FA7C0}.Release|x64.ActiveCfg = Release|x64
		{C2504115-E39D-4E33-BA3A-95D2540FA7C0}.Release|x64.Build.0 = Release|x64
		{C2504115-E39D-4E33-BA3A-95D2540FA7C0}.Release|x86.ActiveCfg = Release|Win32
		{C2504115-E39D-4E33-BA3A-95D2540FA7C0}.Release|x86.Build.0 = Release|Win32
		{A256C27C-21DF-45AA-A2C9-8E5F87BDC57B}.Debug|x64.ActiveCfg = Debug|x64
		{A256C27C-21DF-45AA-A2C9-8E5F87BDC57B}.Debug|x64.Build.0 = Debug|x64
		{A256C27C-21DF-45AA-A2C9-8E5F87BDC57B}.Debug|x86.ActiveCfg = Debug|Win32
		{A256C27C-21DF-45AA-A2C9-8E5F87BDC57B}.Debug|x86.Build.0 = Debug|Win32
		{A256C27C-21DF-45AA-A2C9-8E5F87BDC57B}.Release|x64.ActiveCfg = Release|x64
		{A256C27C-21DF-45AA-A2C9-8E5F87BDC57B}.Release|x64.Build.0 = Release|x64
		{A256C27C-21DF-45AA-A2C9-8E5F87BDC57B}.Release|x86.ActiveCfg = Release|Win32
		{A256C27C-21DF-45AA-A2C9-8E5F87BDC57B}.Release|x86.Build.0 = Release|Win32
		{9B0282E1-B216-4857-B5A5-C61224D8730A}.Debug|x64.ActiveCfg = Debug|x64
		{9B0282E1-B216-4857-B5A5-C61224D8730A}.Debug|x64.Build.0 = Debug|x64
		{9B0282E1-B216-4857-B5A5-C61224D8730A}.Debug|x86.ActiveCfg = Debug|Win32
		{9B0282E1-B216-4857-B5A5-C61224D8730A}.Debug|x86.Build.0 = Debug|Win32
		{9B0282E1-B216-4857-B5A5-C61224D8730A}.Release|x64.ActiveCfg = Release|x64
		{9B0282E1-B216-4857-B5A5-C61224D8730A}.Release|x64.Build.0 = Release|x64
		{9B0282E1-B216-4857-B5A5-C61224D8730A}.Release|x86.ActiveCfg = Release|Win32
		{9B0282E1-B216-4857-B5A5-C61224D8730A}.Release|x86.Build.0 = Release|Win32
		{42C36320-6A85-48AA-993C-C7CE180D03EB}.Debug|x64.ActiveCfg = Debug|x64
		{42C36320-6A85-48AA-993C-C7CE180D03EB}.Debug|x64.Build.0 = Debug|x64
		{42C36320-6A85-48AA-993C-C7CE180D03EB}.Debug|x86.ActiveCfg = Debug|Win32
		{42C36320-6A85-48AA-993C-C7CE180D03EB}.Debug|x86.Build.0 = Debug|Win32
		{42C36320-6A85-48AA-993C-C7CE180D03EB}.Release|x64.ActiveCfg = Release|x64
		{42C36320-6A85-48AA-993C-C7CE180D03EB}.Release|x64.Build.0 = Release|x64
		{42C36320-6A85-48AA-993C-C7CE180D03EB}.Release|x86.ActiveCfg = Release|Win32
		{42C36320-6A85-48AA-993C-C7CE180D03EB}.Release|x86.Build.0 = Release|Win32
		{CCAA0418-BAA5-4746-8F29-C84596D25B84}.Debug|x64.ActiveCfg = Debug|x64
		{CCAA0418-BAA5-4746-8F29-C84596D25B84}.Debug|x64.Build.0 = Debug|x64
		{CCAA0418-BAA5-4746-8F29-C84596D25B84}.Debug|x86.ActiveCfg = Debug|Win32
		{CCAA0418-BAA5-4746-8F29-C84596D25B84}.Debug|x86.Build.0 = Debug|Win32
		{CCAA0418-BAA5-4746-8F29-C84596D25B84}.Release|x64.ActiveCfg = Release|x64
		{CCAA0418-BAA5-4746-8F29-C84596D25B84}.Release|x64.Build.0 = Release|x64
		{CCAA0418-BAA5-4746-8F29-C84596D25B84}.Release|x86.ActiveCfg = Release|Win32
		{CCAA0418-BAA5-4746-8F29-C84596D25B84}.Release|x86.Build.0 = Release|Win32
		{9DC76629-23E9-4665-BB27-D1729E05F832}.Debug|x64.ActiveCfg = Debug|x64
		{9DC76629-23E9-4665-BB27-D1729E05F832}.Debug|x64.Build.0 = Debug|x64
		{9DC76629-23E9-4665-BB27-D1729E05F832}.Debug|x86.ActiveCfg = Debug|Win32
		{9DC76629-23E9-4665-BB27-D1729E05F832}.Debug|x86.Build.0 = Debug|Win32
		{9DC76629-23E9-4665-BB27-D1729E05F832}.Release|x64.ActiveCfg = Release|x64
		{9DC76629-23E9-4665-BB27-D1729E05F832}.Release|x64.Build.0 = Release|x64
		{9DC76629-23E9-4665-BB27-D1729E05F832}.Release|x86.ActiveCfg = Release|Win32
		{9DC76629-23E9-4665-BB27-D1729E05F832}.Release|x86.Build.0 = Release|Win32
		{A6FF4FF6-62EA-4E01-BF85-CB4D599908ED}.Debug|x64.ActiveCfg = Debug|x64
		{A6FF4FF6-62EA-4E01-BF85-CB4D599908ED}.Debug|x64.Build.0 = Debug|x64
		{A6FF4FF6-62EA-4E01-BF85-CB4D599908ED}.Debug|x86.ActiveCfg = Debug|Win32
		{A6FF4FF6-62EA-4E01-BF85-CB4D599908ED}.Debug|x86.Build.0 = Debug|Win32
		{A6FF4FF6-62EA-4E01-BF85-CB4D599908ED}.Release|x64.ActiveCfg = Release|x64
		{A6FF4FF6-62EA-4E01-BF85-CB4D599908ED}.Release|x64.Build.0 = Release|x64
		{A6FF4FF6-62EA-4E01-BF85-CB4D599908ED}.Release|x86.ActiveCfg = Release|Win32
		{A6FF4FF6-62EA-4E01-BF85-CB4D599908ED}.Release|x86.Build.0 = Release|Win32
		{21F84FCC-D3C7-40D7-B8D2-A8DC21134F9C}.Debug|x64.ActiveCfg = Debug|x64
		{21F84FCC-D3C7-40D7-B8D2-A8DC21134F9C}.Debug|x64.Build.0 = Debug|x64
		{21F84FCC-D3C7-40D7-B8D2-A8DC21134F9C}.Debug|x86.ActiveCfg = Debug|Win32
		{21F84FCC-D3C7-40D7-B8D2-A8DC21134F9C}.Debug|x86.Build.0 = Debug|Win32
		{21F84FCC-D3C7-40D7-B8D2-A8DC21134F9C}.Release|x64.ActiveCfg = Release|x64
		{21F84FCC-D3C7-40D7-B8D2-A8DC21134F9C}.Release|x64.Build.0 = Release|x64
		{21F84FCC-D3C7-40D7-B8D2-A8DC21134F9C}.Release|x86.ActiveCfg = Release|Win32
		{21F84FCC-D3C7-40D7-B8D2-A8DC21134F9C}.Release|x86.Build.0 = Release|Win32
		{F7D51533-D037-468B-9430-9B4D880E9208}.Debug|x64.ActiveCfg = Debug|x64
		{F7D51533-D037-468B-9430-9B4D880E9208}.Debug|x64.Build.0 = Debug|x64
		{F7D51533-D037-468B-9430-9B4D880E9208}.Debug|x86.ActiveCfg = Debug|Win32
		{F7D51533-D037-468B-9430-9B4D880E9208}.Debug|x86.Build.0 = Debug|Win32
		{F7D51533-D037-468B-9430-9B4D880E9208}.Release|x64.ActiveCfg = Release|x64
		{F7D51533-D037-468B-9430-9B4D880E9208}.Release|x64.Build.0 = Release|x64
		{F7D51533-D037-468B-9430-9B4D880E9208}.Release|x86.ActiveCfg = Release|Win32
		{F7D51533-D037-468B-9430-9B4D880E9208}.Release|x86.Build.0 = Release|Win32
		{1EBC712F-25A3-4897-BFD3-AA4514F0FACA}.Debug|x64.ActiveCfg = Debug|x64
		{1EBC712F-25A3-4897-BFD3-AA4514F0FACA}.Debug|x64.Build.0 = Debug|x64
		{1EBC712F-25A3-4897-BFD3-AA4514F0FACA}.Debug|x86.ActiveCfg = Debug|Win32
		{1EBC712F-25A3-4897-BFD3-AA4514F0FACA}.Debug|x86.Build.0 = Debug|Win32
		{1EBC712F-25A3-4897-BFD3-AA4514F0FACA}.Release|x64.ActiveCfg = Release|x64
		{1EBC712F-25A3-4897-BFD3-AA4514F0FACA}.Release|x64.Build.0 = Release|x64
		{1EBC712F-25A3-4897-BFD3-AA4514F0FACA}.Release|x86.ActiveCfg = Release|Win32
		{1EBC712F-25A3-4897-BFD3-AA4514F0FACA}.Release|x86.Build.0 = Release|Win32
		{0D7F7E44-938E-4A37-B3A2-F0532396DA8E}.Debug|x64.ActiveCfg = Debug|x64
		{0D7F7E44-938E-4A37-B3A2-F0532396DA8E}.Debug|x64.Build.0 = Debug|x64
		{0D7F7E44-938E-4A37-B3A2-F0532396DA8E}.Debug|x86.ActiveCfg = Debug|Win32
		{0D7F7E44-938E-4A37-B3A2-F0532396DA8E}.Debug|x86.Build.0 = Debug|Win32
		{0D7F7E44-938E-4A37-B3A2-F0532396DA8E}.Release|x64.ActiveCfg = Release|x64
		{0D7F7E44-938E-4A37-B3A2-F0532396DA8E}.Release|x64.Build.0 = Release|x64
		{0D7F7E44-938E-4A37-B3A2-F0532396DA8E}.Release|x86.ActiveCfg = Release|Win32
		{0D7F7E44-938E-4A37-B3A2-F0532396DA8E}.Release|x86.Build.0 = Release|Win32
		{AE892CB5-C0F2-490C-B9DB-CB7477FBDCE4}.Debug|x64.ActiveCfg = Debug|x64
		{AE892CB5-C0F2-490C-B9DB-CB7477FBDCE4}.Debug|x64.Build.0 = Debug|x64
		{AE892CB5-C0F2-490C-B9DB-CB7477FBDCE4}.Debug|x86.ActiveCfg = Debug|Win32
		{AE892CB5-C0F2-490C-B9DB-CB7477FBDCE4}.Debug|x86.Build.0 = Debug|Win32
		{AE892CB5-C0F2-490C-B9DB-CB7477FBDCE4}.Release|x64.ActiveCfg = Release|x64
		{AE892CB5-C0F2-490C-B9DB-CB7477FBDCE4}.Release|x64.Build.0 = Release|x64
		{AE892CB5-C0F2-490C-B9DB-CB7477FBDCE4}.Release|x86.ActiveCfg = Release|Win32
		{AE892CB5-C0F2-490C-B9DB-CB7477FBDCE4}.Release|x86.Build.0 = Release|Win32
		{2D6C80C5-DF97-4370-BC88-96062148A03A}.Debug|x64.ActiveCfg = Debug|x64
		{2D6C80C5-DF97-4370-BC88-96062148A03A}.Debug|x64.Build.0 = Debug|x64
		{2D6C80C5-DF97-4370-BC88-96062148A03A}.Debug|x86.ActiveCfg = Debug|Win32
		{2D6C80C5-DF97-4370-BC88-96062148A03A}.Debug|x86.Build.0 = Debug|Win32
		{2D6C80C5-DF97-4370-BC88-96062148A03A}.Release|x64.ActiveCfg = Release|x64
		{2D6C80C5-DF97-4370-BC88-96062148A03A}.Release|x64.Build.0 = Release|x64
		{2D6C80C5-DF97-4370-BC88-96062148A03A}.Release|x86.ActiveCfg = Release|Win32
		{2D6C80C5-DF97-4370-BC88-96062148A03A}.Release|x86.Build.0 = Release|Win32
		{91BC43AB-F29A-4D57-BCA4-EDD94653EF56}.Debug|x64.ActiveCfg = Debug|x64
		{91BC43AB-F29A-4D57-BCA4-EDD94653EF56}.Debug|x64.Build.0 = Debug|x64
		{91BC43AB-F29A-4D57-BCA4-EDD94653EF56}.Debug|x86.ActiveCfg = Debug|Win32
		{91BC43AB-F29A-4D57-BCA4-EDD94653EF56}.Debug|x86.Build.0 = Debug|Win32
		{91BC43AB-F29A-4D57-BCA4-EDD94653EF56}.Release|x64.ActiveCfg = Release|x64
		{91BC43AB-F29A-4D57-BCA4-EDD94653EF56}.Release|x64.Build.0 = Release|x64
		{91BC43AB-F29A-4D57-BCA4-EDD94653EF56}.Release|x86.ActiveCfg = Release|Win32
		{91BC43AB-F29A-4D57-BCA4-EDD94653EF56}.Release|x86.Build.0 = Release|Win32
		{9942CC2A-4A7C-4B27-B460-9CF0EF073A77}.Debug|x64.ActiveCfg = Debug|x64
		{9942CC2A-4A7C-4B27-B460-9CF0EF073A77}.Debug|x64.Build.0 = Debug|x64
		{9942CC2A-4A7C-4B27-B460-9CF0EF073A77}.Debug|x86.ActiveCfg = Debug|Win32
		{9942CC2A-4A7C-4B27-B460-9CF0EF073A77}.Debug|x86.Build.0 = Debug|Win32
		{9942CC2A-4A7C-4B27-B460-9CF0EF073A77}.Release|x64.ActiveCfg = Release|x64
		{9942CC2A-4A7C-4B27-B460-9CF0EF073A77}.Release|x64.Build.0 = Release|x64
		{9942CC2A-4A7C-4B27-B460-9CF0EF073A77}.Release|x86.ActiveCfg = Release|Win32
		{9942CC2A-4A7C-4B27-B460-9CF0EF073A77}.Release|x86.Build.0 = Release|Win32
	EndGlobalSection
	GlobalSection(SolutionProperties) = preSolution
		HideSolutionNode = FALSE
	EndGlobalSection
	GlobalSection(ExtensibilityGlobals) = postSolution
		SolutionGuid = {5621791C-4F6F-41CD-BD3C-AA7F08299FD1}
	EndGlobalSection
EndGlobal
